// !$*UTF8*$!
{
	archiveVersion = 1;
	classes = {
	};
	objectVersion = 50;
	objects = {

/* Begin PBXBuildFile section */
		65213635218CCECD00DEB543 /* TranslationTestCase.swift in Sources */ = {isa = PBXBuildFile; fileRef = 65213634218CCECD00DEB543 /* TranslationTestCase.swift */; };
		65213637218CD0C100DEB543 /* Translation.json in Resources */ = {isa = PBXBuildFile; fileRef = 65213636218CD0C100DEB543 /* Translation.json */; };
		65213639218CD26700DEB543 /* TranslationService.swift in Sources */ = {isa = PBXBuildFile; fileRef = 65213638218CD26700DEB543 /* TranslationService.swift */; };
		6529E7E92189DDB000EAF513 /* Translation.swift in Sources */ = {isa = PBXBuildFile; fileRef = 6529E7E82189DDB000EAF513 /* Translation.swift */; };
		6550D412215243F700B32CC0 /* ExchangeRateVC.swift in Sources */ = {isa = PBXBuildFile; fileRef = 6550D411215243F700B32CC0 /* ExchangeRateVC.swift */; };
		6550D4142152442600B32CC0 /* TranslationVC.swift in Sources */ = {isa = PBXBuildFile; fileRef = 6550D4132152442600B32CC0 /* TranslationVC.swift */; };
		6550D4162152448100B32CC0 /* WeatherVC.swift in Sources */ = {isa = PBXBuildFile; fileRef = 6550D4152152448100B32CC0 /* WeatherVC.swift */; };
		658BE410216A6A90008D3B6B /* CurrencyServiceTestCase.swift in Sources */ = {isa = PBXBuildFile; fileRef = 658BE40F216A6A90008D3B6B /* CurrencyServiceTestCase.swift */; };
		658BE414216A70BB008D3B6B /* CurrencySymbols.json in Resources */ = {isa = PBXBuildFile; fileRef = 658BE413216A70BB008D3B6B /* CurrencySymbols.json */; };
		658BE416216A71EC008D3B6B /* FakeResponseData.swift in Sources */ = {isa = PBXBuildFile; fileRef = 658BE415216A71EC008D3B6B /* FakeResponseData.swift */; };
		658BE418216A75F8008D3B6B /* URLSessionFake.swift in Sources */ = {isa = PBXBuildFile; fileRef = 658BE417216A75F8008D3B6B /* URLSessionFake.swift */; };
		658BE41A216A9980008D3B6B /* APIService.swift in Sources */ = {isa = PBXBuildFile; fileRef = 658BE419216A9980008D3B6B /* APIService.swift */; };
		658BE41C216BE45B008D3B6B /* Currency.swift in Sources */ = {isa = PBXBuildFile; fileRef = 658BE41B216BE45B008D3B6B /* Currency.swift */; };
		658BE41E216BF4F9008D3B6B /* Constants.swift in Sources */ = {isa = PBXBuildFile; fileRef = 658BE41D216BF4F9008D3B6B /* Constants.swift */; };
		658BE422216D588F008D3B6B /* CurrencyService.swift in Sources */ = {isa = PBXBuildFile; fileRef = 658BE421216D588F008D3B6B /* CurrencyService.swift */; };
		658BE449217524D8008D3B6B /* ExchangeRate.json in Resources */ = {isa = PBXBuildFile; fileRef = 658BE448217524D8008D3B6B /* ExchangeRate.json */; };
		65CA70692187B390009C2CA9 /* Double.swift in Sources */ = {isa = PBXBuildFile; fileRef = 65CA70682187B390009C2CA9 /* Double.swift */; };
		65E9099621482B77001E5498 /* AppDelegate.swift in Sources */ = {isa = PBXBuildFile; fileRef = 65E9099521482B77001E5498 /* AppDelegate.swift */; };
		65E9099B21482B77001E5498 /* Main.storyboard in Resources */ = {isa = PBXBuildFile; fileRef = 65E9099921482B77001E5498 /* Main.storyboard */; };
		65E9099D21482B78001E5498 /* Assets.xcassets in Resources */ = {isa = PBXBuildFile; fileRef = 65E9099C21482B78001E5498 /* Assets.xcassets */; };
		65E909A021482B78001E5498 /* LaunchScreen.storyboard in Resources */ = {isa = PBXBuildFile; fileRef = 65E9099E21482B78001E5498 /* LaunchScreen.storyboard */; };
/* End PBXBuildFile section */

/* Begin PBXContainerItemProxy section */
		65E909A721482B78001E5498 /* PBXContainerItemProxy */ = {
			isa = PBXContainerItemProxy;
			containerPortal = 65E9098A21482B77001E5498 /* Project object */;
			proxyType = 1;
			remoteGlobalIDString = 65E9099121482B77001E5498;
			remoteInfo = LeBaluchon;
		};
/* End PBXContainerItemProxy section */

/* Begin PBXFileReference section */
		65213634218CCECD00DEB543 /* TranslationTestCase.swift */ = {isa = PBXFileReference; lastKnownFileType = sourcecode.swift; path = TranslationTestCase.swift; sourceTree = "<group>"; };
		65213636218CD0C100DEB543 /* Translation.json */ = {isa = PBXFileReference; lastKnownFileType = text.json; path = Translation.json; sourceTree = "<group>"; };
		65213638218CD26700DEB543 /* TranslationService.swift */ = {isa = PBXFileReference; lastKnownFileType = sourcecode.swift; path = TranslationService.swift; sourceTree = "<group>"; };
		6529E7E82189DDB000EAF513 /* Translation.swift */ = {isa = PBXFileReference; lastKnownFileType = sourcecode.swift; path = Translation.swift; sourceTree = "<group>"; };
		6550D411215243F700B32CC0 /* ExchangeRateVC.swift */ = {isa = PBXFileReference; lastKnownFileType = sourcecode.swift; path = ExchangeRateVC.swift; sourceTree = "<group>"; };
		6550D4132152442600B32CC0 /* TranslationVC.swift */ = {isa = PBXFileReference; lastKnownFileType = sourcecode.swift; path = TranslationVC.swift; sourceTree = "<group>"; };
		6550D4152152448100B32CC0 /* WeatherVC.swift */ = {isa = PBXFileReference; lastKnownFileType = sourcecode.swift; path = WeatherVC.swift; sourceTree = "<group>"; };
		658BE40F216A6A90008D3B6B /* CurrencyServiceTestCase.swift */ = {isa = PBXFileReference; lastKnownFileType = sourcecode.swift; path = CurrencyServiceTestCase.swift; sourceTree = "<group>"; };
		658BE413216A70BB008D3B6B /* CurrencySymbols.json */ = {isa = PBXFileReference; lastKnownFileType = text.json; path = CurrencySymbols.json; sourceTree = "<group>"; };
		658BE415216A71EC008D3B6B /* FakeResponseData.swift */ = {isa = PBXFileReference; lastKnownFileType = sourcecode.swift; path = FakeResponseData.swift; sourceTree = "<group>"; };
		658BE417216A75F8008D3B6B /* URLSessionFake.swift */ = {isa = PBXFileReference; lastKnownFileType = sourcecode.swift; path = URLSessionFake.swift; sourceTree = "<group>"; };
		658BE419216A9980008D3B6B /* APIService.swift */ = {isa = PBXFileReference; lastKnownFileType = sourcecode.swift; path = APIService.swift; sourceTree = "<group>"; };
		658BE41B216BE45B008D3B6B /* Currency.swift */ = {isa = PBXFileReference; lastKnownFileType = sourcecode.swift; path = Currency.swift; sourceTree = "<group>"; };
		658BE41D216BF4F9008D3B6B /* Constants.swift */ = {isa = PBXFileReference; lastKnownFileType = sourcecode.swift; path = Constants.swift; sourceTree = "<group>"; };
		658BE421216D588F008D3B6B /* CurrencyService.swift */ = {isa = PBXFileReference; lastKnownFileType = sourcecode.swift; path = CurrencyService.swift; sourceTree = "<group>"; };
		658BE448217524D8008D3B6B /* ExchangeRate.json */ = {isa = PBXFileReference; lastKnownFileType = text.json; path = ExchangeRate.json; sourceTree = "<group>"; };
		65CA70682187B390009C2CA9 /* Double.swift */ = {isa = PBXFileReference; lastKnownFileType = sourcecode.swift; path = Double.swift; sourceTree = "<group>"; };
		65E9099221482B77001E5498 /* LeBaluchon.app */ = {isa = PBXFileReference; explicitFileType = wrapper.application; includeInIndex = 0; path = LeBaluchon.app; sourceTree = BUILT_PRODUCTS_DIR; };
		65E9099521482B77001E5498 /* AppDelegate.swift */ = {isa = PBXFileReference; lastKnownFileType = sourcecode.swift; path = AppDelegate.swift; sourceTree = "<group>"; };
		65E9099A21482B77001E5498 /* Base */ = {isa = PBXFileReference; lastKnownFileType = file.storyboard; name = Base; path = Base.lproj/Main.storyboard; sourceTree = "<group>"; };
		65E9099C21482B78001E5498 /* Assets.xcassets */ = {isa = PBXFileReference; lastKnownFileType = folder.assetcatalog; path = Assets.xcassets; sourceTree = "<group>"; };
		65E9099F21482B78001E5498 /* Base */ = {isa = PBXFileReference; lastKnownFileType = file.storyboard; name = Base; path = Base.lproj/LaunchScreen.storyboard; sourceTree = "<group>"; };
		65E909A121482B78001E5498 /* Info.plist */ = {isa = PBXFileReference; lastKnownFileType = text.plist.xml; path = Info.plist; sourceTree = "<group>"; };
		65E909A621482B78001E5498 /* LeBaluchonTests.xctest */ = {isa = PBXFileReference; explicitFileType = wrapper.cfbundle; includeInIndex = 0; path = LeBaluchonTests.xctest; sourceTree = BUILT_PRODUCTS_DIR; };
		65E909AC21482B78001E5498 /* Info.plist */ = {isa = PBXFileReference; lastKnownFileType = text.plist.xml; path = Info.plist; sourceTree = "<group>"; };
/* End PBXFileReference section */

/* Begin PBXFrameworksBuildPhase section */
		65E9098F21482B77001E5498 /* Frameworks */ = {
			isa = PBXFrameworksBuildPhase;
			buildActionMask = 2147483647;
			files = (
			);
			runOnlyForDeploymentPostprocessing = 0;
		};
		65E909A321482B78001E5498 /* Frameworks */ = {
			isa = PBXFrameworksBuildPhase;
			buildActionMask = 2147483647;
			files = (
			);
			runOnlyForDeploymentPostprocessing = 0;
		};
/* End PBXFrameworksBuildPhase section */

/* Begin PBXGroup section */
		658BE423216E1ACA008D3B6B /* Model */ = {
			isa = PBXGroup;
			children = (
				658BE40F216A6A90008D3B6B /* CurrencyServiceTestCase.swift */,
				65213634218CCECD00DEB543 /* TranslationTestCase.swift */,
			);
			path = Model;
			sourceTree = "<group>";
		};
		658BE424216E1AFD008D3B6B /* Helpers */ = {
			isa = PBXGroup;
			children = (
				658BE415216A71EC008D3B6B /* FakeResponseData.swift */,
				658BE417216A75F8008D3B6B /* URLSessionFake.swift */,
				658BE448217524D8008D3B6B /* ExchangeRate.json */,
				658BE413216A70BB008D3B6B /* CurrencySymbols.json */,
				65213636218CD0C100DEB543 /* Translation.json */,
			);
			path = Helpers;
			sourceTree = "<group>";
		};
		65E9098921482B77001E5498 = {
			isa = PBXGroup;
			children = (
				65E9099421482B77001E5498 /* LeBaluchon */,
				65E909A921482B78001E5498 /* LeBaluchonTests */,
				65E9099321482B77001E5498 /* Products */,
			);
			sourceTree = "<group>";
		};
		65E9099321482B77001E5498 /* Products */ = {
			isa = PBXGroup;
			children = (
				65E9099221482B77001E5498 /* LeBaluchon.app */,
				65E909A621482B78001E5498 /* LeBaluchonTests.xctest */,
			);
			name = Products;
			sourceTree = "<group>";
		};
		65E9099421482B77001E5498 /* LeBaluchon */ = {
			isa = PBXGroup;
			children = (
				65E909B52148307A001E5498 /* Model */,
				65E909B621483086001E5498 /* View */,
				65E909B72148308E001E5498 /* Controller */,
				65E9099521482B77001E5498 /* AppDelegate.swift */,
				65E909B821483280001E5498 /* Supporting Files */,
				65E909B921483330001E5498 /* Extensions */,
			);
			path = LeBaluchon;
			sourceTree = "<group>";
		};
		65E909A921482B78001E5498 /* LeBaluchonTests */ = {
			isa = PBXGroup;
			children = (
				658BE424216E1AFD008D3B6B /* Helpers */,
				658BE423216E1ACA008D3B6B /* Model */,
				65E909AC21482B78001E5498 /* Info.plist */,
			);
			path = LeBaluchonTests;
			sourceTree = "<group>";
		};
		65E909B52148307A001E5498 /* Model */ = {
			isa = PBXGroup;
			children = (
				658BE419216A9980008D3B6B /* APIService.swift */,
				658BE41B216BE45B008D3B6B /* Currency.swift */,
				658BE421216D588F008D3B6B /* CurrencyService.swift */,
				6529E7E82189DDB000EAF513 /* Translation.swift */,
				65213638218CD26700DEB543 /* TranslationService.swift */,
			);
			path = Model;
			sourceTree = "<group>";
		};
		65E909B621483086001E5498 /* View */ = {
			isa = PBXGroup;
			children = (
				65E9099E21482B78001E5498 /* LaunchScreen.storyboard */,
				65E9099921482B77001E5498 /* Main.storyboard */,
			);
			path = View;
			sourceTree = "<group>";
		};
		65E909B72148308E001E5498 /* Controller */ = {
			isa = PBXGroup;
			children = (
				6550D411215243F700B32CC0 /* ExchangeRateVC.swift */,
				6550D4132152442600B32CC0 /* TranslationVC.swift */,
				6550D4152152448100B32CC0 /* WeatherVC.swift */,
			);
			path = Controller;
			sourceTree = "<group>";
		};
		65E909B821483280001E5498 /* Supporting Files */ = {
			isa = PBXGroup;
			children = (
				65E9099C21482B78001E5498 /* Assets.xcassets */,
				65E909A121482B78001E5498 /* Info.plist */,
				658BE41D216BF4F9008D3B6B /* Constants.swift */,
			);
			path = "Supporting Files";
			sourceTree = "<group>";
		};
		65E909B921483330001E5498 /* Extensions */ = {
			isa = PBXGroup;
			children = (
				65CA70682187B390009C2CA9 /* Double.swift */,
			);
			path = Extensions;
			sourceTree = "<group>";
		};
/* End PBXGroup section */

/* Begin PBXNativeTarget section */
		65E9099121482B77001E5498 /* LeBaluchon */ = {
			isa = PBXNativeTarget;
			buildConfigurationList = 65E909AF21482B78001E5498 /* Build configuration list for PBXNativeTarget "LeBaluchon" */;
			buildPhases = (
				65E9098E21482B77001E5498 /* Sources */,
				65E9098F21482B77001E5498 /* Frameworks */,
				65E9099021482B77001E5498 /* Resources */,
			);
			buildRules = (
			);
			dependencies = (
			);
			name = LeBaluchon;
			productName = LeBaluchon;
			productReference = 65E9099221482B77001E5498 /* LeBaluchon.app */;
			productType = "com.apple.product-type.application";
		};
		65E909A521482B78001E5498 /* LeBaluchonTests */ = {
			isa = PBXNativeTarget;
			buildConfigurationList = 65E909B221482B78001E5498 /* Build configuration list for PBXNativeTarget "LeBaluchonTests" */;
			buildPhases = (
				65E909A221482B78001E5498 /* Sources */,
				65E909A321482B78001E5498 /* Frameworks */,
				65E909A421482B78001E5498 /* Resources */,
			);
			buildRules = (
			);
			dependencies = (
				65E909A821482B78001E5498 /* PBXTargetDependency */,
			);
			name = LeBaluchonTests;
			productName = LeBaluchonTests;
			productReference = 65E909A621482B78001E5498 /* LeBaluchonTests.xctest */;
			productType = "com.apple.product-type.bundle.unit-test";
		};
/* End PBXNativeTarget section */

/* Begin PBXProject section */
		65E9098A21482B77001E5498 /* Project object */ = {
			isa = PBXProject;
			attributes = {
				LastSwiftUpdateCheck = 0940;
				LastUpgradeCheck = 0940;
				ORGANIZATIONNAME = "Daniel BENDEMAGH";
				TargetAttributes = {
					65E9099121482B77001E5498 = {
						CreatedOnToolsVersion = 9.4.1;
						LastSwiftMigration = 1000;
					};
					65E909A521482B78001E5498 = {
						CreatedOnToolsVersion = 9.4.1;
						LastSwiftMigration = 1000;
						TestTargetID = 65E9099121482B77001E5498;
					};
				};
			};
			buildConfigurationList = 65E9098D21482B77001E5498 /* Build configuration list for PBXProject "LeBaluchon" */;
			compatibilityVersion = "Xcode 9.3";
			developmentRegion = en;
			hasScannedForEncodings = 0;
			knownRegions = (
				en,
				Base,
			);
			mainGroup = 65E9098921482B77001E5498;
			productRefGroup = 65E9099321482B77001E5498 /* Products */;
			projectDirPath = "";
			projectRoot = "";
			targets = (
				65E9099121482B77001E5498 /* LeBaluchon */,
				65E909A521482B78001E5498 /* LeBaluchonTests */,
			);
		};
/* End PBXProject section */

/* Begin PBXResourcesBuildPhase section */
		65E9099021482B77001E5498 /* Resources */ = {
			isa = PBXResourcesBuildPhase;
			buildActionMask = 2147483647;
			files = (
				65E909A021482B78001E5498 /* LaunchScreen.storyboard in Resources */,
				65E9099D21482B78001E5498 /* Assets.xcassets in Resources */,
				65E9099B21482B77001E5498 /* Main.storyboard in Resources */,
			);
			runOnlyForDeploymentPostprocessing = 0;
		};
		65E909A421482B78001E5498 /* Resources */ = {
			isa = PBXResourcesBuildPhase;
			buildActionMask = 2147483647;
			files = (
				658BE449217524D8008D3B6B /* ExchangeRate.json in Resources */,
				658BE414216A70BB008D3B6B /* CurrencySymbols.json in Resources */,
				65213637218CD0C100DEB543 /* Translation.json in Resources */,
			);
			runOnlyForDeploymentPostprocessing = 0;
		};
/* End PBXResourcesBuildPhase section */

/* Begin PBXSourcesBuildPhase section */
		65E9098E21482B77001E5498 /* Sources */ = {
			isa = PBXSourcesBuildPhase;
			buildActionMask = 2147483647;
			files = (
				65213639218CD26700DEB543 /* TranslationService.swift in Sources */,
				658BE41C216BE45B008D3B6B /* Currency.swift in Sources */,
				6550D4142152442600B32CC0 /* TranslationVC.swift in Sources */,
				6529E7E92189DDB000EAF513 /* Translation.swift in Sources */,
				658BE41A216A9980008D3B6B /* APIService.swift in Sources */,
				65E9099621482B77001E5498 /* AppDelegate.swift in Sources */,
				658BE41E216BF4F9008D3B6B /* Constants.swift in Sources */,
				6550D412215243F700B32CC0 /* ExchangeRateVC.swift in Sources */,
				658BE422216D588F008D3B6B /* CurrencyService.swift in Sources */,
				65CA70692187B390009C2CA9 /* Double.swift in Sources */,
				6550D4162152448100B32CC0 /* WeatherVC.swift in Sources */,
			);
			runOnlyForDeploymentPostprocessing = 0;
		};
		65E909A221482B78001E5498 /* Sources */ = {
			isa = PBXSourcesBuildPhase;
			buildActionMask = 2147483647;
			files = (
				658BE410216A6A90008D3B6B /* CurrencyServiceTestCase.swift in Sources */,
				658BE418216A75F8008D3B6B /* URLSessionFake.swift in Sources */,
				658BE416216A71EC008D3B6B /* FakeResponseData.swift in Sources */,
				65213635218CCECD00DEB543 /* TranslationTestCase.swift in Sources */,
			);
			runOnlyForDeploymentPostprocessing = 0;
		};
/* End PBXSourcesBuildPhase section */

/* Begin PBXTargetDependency section */
		65E909A821482B78001E5498 /* PBXTargetDependency */ = {
			isa = PBXTargetDependency;
			target = 65E9099121482B77001E5498 /* LeBaluchon */;
			targetProxy = 65E909A721482B78001E5498 /* PBXContainerItemProxy */;
		};
/* End PBXTargetDependency section */

/* Begin PBXVariantGroup section */
		65E9099921482B77001E5498 /* Main.storyboard */ = {
			isa = PBXVariantGroup;
			children = (
				65E9099A21482B77001E5498 /* Base */,
			);
			name = Main.storyboard;
			sourceTree = "<group>";
		};
		65E9099E21482B78001E5498 /* LaunchScreen.storyboard */ = {
			isa = PBXVariantGroup;
			children = (
				65E9099F21482B78001E5498 /* Base */,
			);
			name = LaunchScreen.storyboard;
			sourceTree = "<group>";
		};
/* End PBXVariantGroup section */

/* Begin XCBuildConfiguration section */
		65E909AD21482B78001E5498 /* Debug */ = {
			isa = XCBuildConfiguration;
			buildSettings = {
				ALWAYS_SEARCH_USER_PATHS = NO;
				CLANG_ANALYZER_NONNULL = YES;
				CLANG_ANALYZER_NUMBER_OBJECT_CONVERSION = YES_AGGRESSIVE;
				CLANG_CXX_LANGUAGE_STANDARD = "gnu++14";
				CLANG_CXX_LIBRARY = "libc++";
				CLANG_ENABLE_MODULES = YES;
				CLANG_ENABLE_OBJC_ARC = YES;
				CLANG_ENABLE_OBJC_WEAK = YES;
				CLANG_WARN_BLOCK_CAPTURE_AUTORELEASING = YES;
				CLANG_WARN_BOOL_CONVERSION = YES;
				CLANG_WARN_COMMA = YES;
				CLANG_WARN_CONSTANT_CONVERSION = YES;
				CLANG_WARN_DEPRECATED_OBJC_IMPLEMENTATIONS = YES;
				CLANG_WARN_DIRECT_OBJC_ISA_USAGE = YES_ERROR;
				CLANG_WARN_DOCUMENTATION_COMMENTS = YES;
				CLANG_WARN_EMPTY_BODY = YES;
				CLANG_WARN_ENUM_CONVERSION = YES;
				CLANG_WARN_INFINITE_RECURSION = YES;
				CLANG_WARN_INT_CONVERSION = YES;
				CLANG_WARN_NON_LITERAL_NULL_CONVERSION = YES;
				CLANG_WARN_OBJC_IMPLICIT_RETAIN_SELF = YES;
				CLANG_WARN_OBJC_LITERAL_CONVERSION = YES;
				CLANG_WARN_OBJC_ROOT_CLASS = YES_ERROR;
				CLANG_WARN_RANGE_LOOP_ANALYSIS = YES;
				CLANG_WARN_STRICT_PROTOTYPES = YES;
				CLANG_WARN_SUSPICIOUS_MOVE = YES;
				CLANG_WARN_UNGUARDED_AVAILABILITY = YES_AGGRESSIVE;
				CLANG_WARN_UNREACHABLE_CODE = YES;
				CLANG_WARN__DUPLICATE_METHOD_MATCH = YES;
				CODE_SIGN_IDENTITY = "iPhone Developer";
				COPY_PHASE_STRIP = NO;
				DEBUG_INFORMATION_FORMAT = dwarf;
				ENABLE_STRICT_OBJC_MSGSEND = YES;
				ENABLE_TESTABILITY = YES;
				GCC_C_LANGUAGE_STANDARD = gnu11;
				GCC_DYNAMIC_NO_PIC = NO;
				GCC_NO_COMMON_BLOCKS = YES;
				GCC_OPTIMIZATION_LEVEL = 0;
				GCC_PREPROCESSOR_DEFINITIONS = (
					"DEBUG=1",
					"$(inherited)",
				);
				GCC_WARN_64_TO_32_BIT_CONVERSION = YES;
				GCC_WARN_ABOUT_RETURN_TYPE = YES_ERROR;
				GCC_WARN_UNDECLARED_SELECTOR = YES;
				GCC_WARN_UNINITIALIZED_AUTOS = YES_AGGRESSIVE;
				GCC_WARN_UNUSED_FUNCTION = YES;
				GCC_WARN_UNUSED_VARIABLE = YES;
				IPHONEOS_DEPLOYMENT_TARGET = 12.0;
				MTL_ENABLE_DEBUG_INFO = YES;
				ONLY_ACTIVE_ARCH = YES;
				SDKROOT = iphoneos;
				SWIFT_ACTIVE_COMPILATION_CONDITIONS = DEBUG;
				SWIFT_OPTIMIZATION_LEVEL = "-Onone";
			};
			name = Debug;
		};
		65E909AE21482B78001E5498 /* Release */ = {
			isa = XCBuildConfiguration;
			buildSettings = {
				ALWAYS_SEARCH_USER_PATHS = NO;
				CLANG_ANALYZER_NONNULL = YES;
				CLANG_ANALYZER_NUMBER_OBJECT_CONVERSION = YES_AGGRESSIVE;
				CLANG_CXX_LANGUAGE_STANDARD = "gnu++14";
				CLANG_CXX_LIBRARY = "libc++";
				CLANG_ENABLE_MODULES = YES;
				CLANG_ENABLE_OBJC_ARC = YES;
				CLANG_ENABLE_OBJC_WEAK = YES;
				CLANG_WARN_BLOCK_CAPTURE_AUTORELEASING = YES;
				CLANG_WARN_BOOL_CONVERSION = YES;
				CLANG_WARN_COMMA = YES;
				CLANG_WARN_CONSTANT_CONVERSION = YES;
				CLANG_WARN_DEPRECATED_OBJC_IMPLEMENTATIONS = YES;
				CLANG_WARN_DIRECT_OBJC_ISA_USAGE = YES_ERROR;
				CLANG_WARN_DOCUMENTATION_COMMENTS = YES;
				CLANG_WARN_EMPTY_BODY = YES;
				CLANG_WARN_ENUM_CONVERSION = YES;
				CLANG_WARN_INFINITE_RECURSION = YES;
				CLANG_WARN_INT_CONVERSION = YES;
				CLANG_WARN_NON_LITERAL_NULL_CONVERSION = YES;
				CLANG_WARN_OBJC_IMPLICIT_RETAIN_SELF = YES;
				CLANG_WARN_OBJC_LITERAL_CONVERSION = YES;
				CLANG_WARN_OBJC_ROOT_CLASS = YES_ERROR;
				CLANG_WARN_RANGE_LOOP_ANALYSIS = YES;
				CLANG_WARN_STRICT_PROTOTYPES = YES;
				CLANG_WARN_SUSPICIOUS_MOVE = YES;
				CLANG_WARN_UNGUARDED_AVAILABILITY = YES_AGGRESSIVE;
				CLANG_WARN_UNREACHABLE_CODE = YES;
				CLANG_WARN__DUPLICATE_METHOD_MATCH = YES;
				CODE_SIGN_IDENTITY = "iPhone Developer";
				COPY_PHASE_STRIP = NO;
				DEBUG_INFORMATION_FORMAT = "dwarf-with-dsym";
				ENABLE_NS_ASSERTIONS = NO;
				ENABLE_STRICT_OBJC_MSGSEND = YES;
				GCC_C_LANGUAGE_STANDARD = gnu11;
				GCC_NO_COMMON_BLOCKS = YES;
				GCC_WARN_64_TO_32_BIT_CONVERSION = YES;
				GCC_WARN_ABOUT_RETURN_TYPE = YES_ERROR;
				GCC_WARN_UNDECLARED_SELECTOR = YES;
				GCC_WARN_UNINITIALIZED_AUTOS = YES_AGGRESSIVE;
				GCC_WARN_UNUSED_FUNCTION = YES;
				GCC_WARN_UNUSED_VARIABLE = YES;
				IPHONEOS_DEPLOYMENT_TARGET = 12.0;
				MTL_ENABLE_DEBUG_INFO = NO;
				SDKROOT = iphoneos;
				SWIFT_COMPILATION_MODE = wholemodule;
				SWIFT_OPTIMIZATION_LEVEL = "-O";
				VALIDATE_PRODUCT = YES;
			};
			name = Release;
		};
		65E909B021482B78001E5498 /* Debug */ = {
			isa = XCBuildConfiguration;
			buildSettings = {
				ASSETCATALOG_COMPILER_APPICON_NAME = AppIcon;
				CODE_SIGN_STYLE = Automatic;
				DEVELOPMENT_TEAM = 9T29Y222Y3;
				INFOPLIST_FILE = "$(SRCROOT)/LeBaluchon/Supporting Files/Info.plist";
				IPHONEOS_DEPLOYMENT_TARGET = 12.0;
				LD_RUNPATH_SEARCH_PATHS = (
					"$(inherited)",
					"@executable_path/Frameworks",
				);
				PRODUCT_BUNDLE_IDENTIFIER = fr.dbendemagh.LeBaluchon;
				PRODUCT_NAME = "$(TARGET_NAME)";
				SWIFT_VERSION = 4.2;
				TARGETED_DEVICE_FAMILY = "1,2";
			};
			name = Debug;
		};
		65E909B121482B78001E5498 /* Release */ = {
			isa = XCBuildConfiguration;
			buildSettings = {
				ASSETCATALOG_COMPILER_APPICON_NAME = AppIcon;
				CODE_SIGN_STYLE = Automatic;
				DEVELOPMENT_TEAM = 9T29Y222Y3;
				INFOPLIST_FILE = "$(SRCROOT)/LeBaluchon/Supporting Files/Info.plist";
				IPHONEOS_DEPLOYMENT_TARGET = 12.0;
				LD_RUNPATH_SEARCH_PATHS = (
					"$(inherited)",
					"@executable_path/Frameworks",
				);
				PRODUCT_BUNDLE_IDENTIFIER = fr.dbendemagh.LeBaluchon;
				PRODUCT_NAME = "$(TARGET_NAME)";
				SWIFT_VERSION = 4.2;
				TARGETED_DEVICE_FAMILY = "1,2";
			};
			name = Release;
		};
		65E909B321482B78001E5498 /* Debug */ = {
			isa = XCBuildConfiguration;
			buildSettings = {
				ALWAYS_EMBED_SWIFT_STANDARD_LIBRARIES = YES;
				BUNDLE_LOADER = "$(TEST_HOST)";
				CLANG_ENABLE_MODULES = YES;
				CODE_SIGN_STYLE = Automatic;
				DEVELOPMENT_TEAM = 9T29Y222Y3;
				INFOPLIST_FILE = LeBaluchonTests/Info.plist;
				LD_RUNPATH_SEARCH_PATHS = (
					"$(inherited)",
					"@executable_path/Frameworks",
					"@loader_path/Frameworks",
				);
				PRODUCT_BUNDLE_IDENTIFIER = fr.dbendemagh.LeBaluchonTests;
				PRODUCT_NAME = "$(TARGET_NAME)";
				SWIFT_OPTIMIZATION_LEVEL = "-Onone";
				SWIFT_VERSION = 4.2;
				TARGETED_DEVICE_FAMILY = "1,2";
				TEST_HOST = "$(BUILT_PRODUCTS_DIR)/LeBaluchon.app/LeBaluchon";
			};
			name = Debug;
		};
		65E909B421482B78001E5498 /* Release */ = {
			isa = XCBuildConfiguration;
			buildSettings = {
				ALWAYS_EMBED_SWIFT_STANDARD_LIBRARIES = YES;
				BUNDLE_LOADER = "$(TEST_HOST)";
				CLANG_ENABLE_MODULES = YES;
				CODE_SIGN_STYLE = Automatic;
				DEVELOPMENT_TEAM = 9T29Y222Y3;
				INFOPLIST_FILE = LeBaluchonTests/Info.plist;
				LD_RUNPATH_SEARCH_PATHS = (
					"$(inherited)",
					"@executable_path/Frameworks",
					"@loader_path/Frameworks",
				);
				PRODUCT_BUNDLE_IDENTIFIER = fr.dbendemagh.LeBaluchonTests;
				PRODUCT_NAME = "$(TARGET_NAME)";
				SWIFT_VERSION = 4.2;
				TARGETED_DEVICE_FAMILY = "1,2";
				TEST_HOST = "$(BUILT_PRODUCTS_DIR)/LeBaluchon.app/LeBaluchon";
			};
			name = Release;
		};
/* End XCBuildConfiguration section */

/* Begin XCConfigurationList section */
		65E9098D21482B77001E5498 /* Build configuration list for PBXProject "LeBaluchon" */ = {
			isa = XCConfigurationList;
			buildConfigurations = (
				65E909AD21482B78001E5498 /* Debug */,
				65E909AE21482B78001E5498 /* Release */,
			);
			defaultConfigurationIsVisible = 0;
			defaultConfigurationName = Release;
		};
		65E909AF21482B78001E5498 /* Build configuration list for PBXNativeTarget "LeBaluchon" */ = {
			isa = XCConfigurationList;
			buildConfigurations = (
				65E909B021482B78001E5498 /* Debug */,
				65E909B121482B78001E5498 /* Release */,
			);
			defaultConfigurationIsVisible = 0;
			defaultConfigurationName = Release;
		};
		65E909B221482B78001E5498 /* Build configuration list for PBXNativeTarget "LeBaluchonTests" */ = {
			isa = XCConfigurationList;
			buildConfigurations = (
				65E909B321482B78001E5498 /* Debug */,
				65E909B421482B78001E5498 /* Release */,
			);
			defaultConfigurationIsVisible = 0;
			defaultConfigurationName = Release;
		};
/* End XCConfigurationList section */
	};
	rootObject = 65E9098A21482B77001E5498 /* Project object */;
}
